{
  "name": "PIPO.Contracts",
  "lockfileVersion": 2,
  "requires": true,
  "packages": {
    "": {
      "dependencies": {
        "openzeppelin-solidity": "4.3.3"
      }
    },
    "node_modules/openzeppelin-solidity": {
      "version": "4.3.3",
      "resolved": "https://registry.npmjs.org/openzeppelin-solidity/-/openzeppelin-solidity-4.3.3.tgz",
      "integrity": "sha512-/nGPWd19KwX8vfxG0kZLqVDxBtMzcjiN+/6/dfSPaUw2RfRalqAZ/x/Gu8n/dtOcvVf5cQQOodeIgrdwPI+eKw==",
      "deprecated": "This package is now published as @openzeppelin/contracts. Please change your dependency.",
      "bin": {
        "openzeppelin-contracts-migrate-imports": "scripts/migrate-imports.js"
      }
    }
  },
  "dependencies": {
    "openzeppelin-solidity": {
      "version": "4.3.3",
      "resolved": "https://registry.npmjs.org/openzeppelin-solidity/-/openzeppelin-solidity-4.3.3.tgz",
      "integrity": "sha512-/nGPWd19KwX8vfxG0kZLqVDxBtMzcjiN+/6/dfSPaUw2RfRalqAZ/x/Gu8n/dtOcvVf5cQQOodeIgrdwPI+eKw=="
    }
  }
}
